
Microsoft Visual Studio Solution File, Format Version 12.00
# Visual Studio 15
VisualStudioVersion = 15.0.27520.0
MinimumVisualStudioVersion = 10.0.40219.1
Project("{FAE04EC0-301F-11D3-BF4B-00C04F79EFBC}") = "BlazorTodo.Server", "BlazorTodo\BlazorTodo.Server\BlazorTodo.Server.csproj", "{E874EB5B-007D-47A6-B176-86FE86AF3843}"
EndProject
Project("{FAE04EC0-301F-11D3-BF4B-00C04F79EFBC}") = "BlazorTodo.Client", "BlazorTodo\BlazorTodo.Client\BlazorTodo.Client.csproj", "{94650958-7722-416E-8000-A5F74370E52E}"
EndProject
Project("{FAE04EC0-301F-11D3-BF4B-00C04F79EFBC}") = "BlazorTodo.Shared", "BlazorTodo\BlazorTodo.Shared\BlazorTodo.Shared.csproj", "{EB5D75F5-2CF4-4703-873E-DA75AE5B4D98}"
EndProject
Global
	GlobalSection(SolutionConfigurationPlatforms) = preSolution
		Debug|Any CPU = Debug|Any CPU
		Release|Any CPU = Release|Any CPU
	EndGlobalSection
	GlobalSection(ProjectConfigurationPlatforms) = postSolution
		{E874EB5B-007D-47A6-B176-86FE86AF3843}.Debug|Any CPU.ActiveCfg = Debug|Any CPU
		{E874EB5B-007D-47A6-B176-86FE86AF3843}.Debug|Any CPU.Build.0 = Debug|Any CPU
		{E874EB5B-007D-47A6-B176-86FE86AF3843}.Release|Any CPU.ActiveCfg = Release|Any CPU
		{E874EB5B-007D-47A6-B176-86FE86AF3843}.Release|Any CPU.Build.0 = Release|Any CPU
		{94650958-7722-416E-8000-A5F74370E52E}.Debug|Any CPU.ActiveCfg = Debug|Any CPU
		{94650958-7722-416E-8000-A5F74370E52E}.Debug|Any CPU.Build.0 = Debug|Any CPU
		{94650958-7722-416E-8000-A5F74370E52E}.Release|Any CPU.ActiveCfg = Release|Any CPU
		{94650958-7722-416E-8000-A5F74370E52E}.Release|Any CPU.Build.0 = Release|Any CPU
		{EB5D75F5-2CF4-4703-873E-DA75AE5B4D98}.Debug|Any CPU.ActiveCfg = Debug|Any CPU
		{EB5D75F5-2CF4-4703-873E-DA75AE5B4D98}.Debug|Any CPU.Build.0 = Debug|Any CPU
		{EB5D75F5-2CF4-4703-873E-DA75AE5B4D98}.Release|Any CPU.ActiveCfg = Release|Any CPU
		{EB5D75F5-2CF4-4703-873E-DA75AE5B4D98}.Release|Any CPU.Build.0 = Release|Any CPU
	EndGlobalSection
	GlobalSection(SolutionProperties) = preSolution
		HideSolutionNode = FALSE
	EndGlobalSection
	GlobalSection(ExtensibilityGlobals) = postSolution
		SolutionGuid = {6419181C-6339-4BCF-AE89-D922EB079DD5}
	EndGlobalSection
EndGlobal
